
Microsoft Visual Studio Solution File, Format Version 12.00
# Visual Studio Version 17
VisualStudioVersion = 17.7.34031.279
MinimumVisualStudioVersion = 10.0.40219.1
Project("{2150E333-8FDC-42A3-9474-1A3956D46DE8}") = "Application", "Application", "{595524C9-18ED-46C2-ABD0-F1162B1919D4}"
EndProject
Project("{2150E333-8FDC-42A3-9474-1A3956D46DE8}") = "Tests", "Tests", "{DEC0E5F2-4B8D-4203-A3CF-5E3F327100AB}"
EndProject
Project("{9A19103F-16F7-4668-BE54-9A1E7A4F7556}") = "Popoupa.Core", "Popoupa.Core\Popoupa.Core.csproj", "{35456C2C-A059-46CA-8E1B-65FA9C96E3B9}"
EndProject
Project("{9A19103F-16F7-4668-BE54-9A1E7A4F7556}") = "Popoupa.Core.UnitTests", "Popoupa.Core.UnitTests\Popoupa.Core.UnitTests.csproj", "{35446668-7032-48AA-A5A4-9AB37393B210}"
EndProject
Project("{2150E333-8FDC-42A3-9474-1A3956D46DE8}") = "Presentation", "Presentation", "{399892C1-3682-4EA4-B20B-B13C455B521F}"
EndProject
Project("{9A19103F-16F7-4668-BE54-9A1E7A4F7556}") = "Popoupa.API", "Popoupa.API\Popoupa.API.csproj", "{C201EAA4-7555-4957-BFDE-ED8542D85576}"
EndProject
Project("{FAE04EC0-301F-11D3-BF4B-00C04F79EFBC}") = "PopoupaAPI.IntegrationTests", "PopoupaAPI.UnitTests\PopoupaAPI.IntegrationTests.csproj", "{AE8BF59B-7BE9-447A-AED0-D3412A97E907}"
EndProject
Global
	GlobalSection(SolutionConfigurationPlatforms) = preSolution
		Debug|Any CPU = Debug|Any CPU
		Release|Any CPU = Release|Any CPU
	EndGlobalSection
	GlobalSection(ProjectConfigurationPlatforms) = postSolution
		{35456C2C-A059-46CA-8E1B-65FA9C96E3B9}.Debug|Any CPU.ActiveCfg = Debug|Any CPU
		{35456C2C-A059-46CA-8E1B-65FA9C96E3B9}.Debug|Any CPU.Build.0 = Debug|Any CPU
		{35456C2C-A059-46CA-8E1B-65FA9C96E3B9}.Release|Any CPU.ActiveCfg = Release|Any CPU
		{35456C2C-A059-46CA-8E1B-65FA9C96E3B9}.Release|Any CPU.Build.0 = Release|Any CPU
		{35446668-7032-48AA-A5A4-9AB37393B210}.Debug|Any CPU.ActiveCfg = Debug|Any CPU
		{35446668-7032-48AA-A5A4-9AB37393B210}.Debug|Any CPU.Build.0 = Debug|Any CPU
		{35446668-7032-48AA-A5A4-9AB37393B210}.Release|Any CPU.ActiveCfg = Release|Any CPU
		{35446668-7032-48AA-A5A4-9AB37393B210}.Release|Any CPU.Build.0 = Release|Any CPU
		{C201EAA4-7555-4957-BFDE-ED8542D85576}.Debug|Any CPU.ActiveCfg = Debug|Any CPU
		{C201EAA4-7555-4957-BFDE-ED8542D85576}.Debug|Any CPU.Build.0 = Debug|Any CPU
		{C201EAA4-7555-4957-BFDE-ED8542D85576}.Release|Any CPU.ActiveCfg = Release|Any CPU
		{C201EAA4-7555-4957-BFDE-ED8542D85576}.Release|Any CPU.Build.0 = Release|Any CPU
		{AE8BF59B-7BE9-447A-AED0-D3412A97E907}.Debug|Any CPU.ActiveCfg = Debug|Any CPU
		{AE8BF59B-7BE9-447A-AED0-D3412A97E907}.Debug|Any CPU.Build.0 = Debug|Any CPU
		{AE8BF59B-7BE9-447A-AED0-D3412A97E907}.Release|Any CPU.ActiveCfg = Release|Any CPU
		{AE8BF59B-7BE9-447A-AED0-D3412A97E907}.Release|Any CPU.Build.0 = Release|Any CPU
	EndGlobalSection
	GlobalSection(SolutionProperties) = preSolution
		HideSolutionNode = FALSE
	EndGlobalSection
	GlobalSection(NestedProjects) = preSolution
		{35456C2C-A059-46CA-8E1B-65FA9C96E3B9} = {595524C9-18ED-46C2-ABD0-F1162B1919D4}
		{35446668-7032-48AA-A5A4-9AB37393B210} = {DEC0E5F2-4B8D-4203-A3CF-5E3F327100AB}
		{C201EAA4-7555-4957-BFDE-ED8542D85576} = {399892C1-3682-4EA4-B20B-B13C455B521F}
		{AE8BF59B-7BE9-447A-AED0-D3412A97E907} = {DEC0E5F2-4B8D-4203-A3CF-5E3F327100AB}
	EndGlobalSection
	GlobalSection(ExtensibilityGlobals) = postSolution
		SolutionGuid = {F4D5E777-E692-4666-A6C7-970A32832A5F}
	EndGlobalSection
EndGlobal
